
Microsoft Visual Studio Solution File, Format Version 12.00
# Visual Studio 15
VisualStudioVersion = 15.0.28010.2048
MinimumVisualStudioVersion = 10.0.40219.1
Project("{FAE04EC0-301F-11D3-BF4B-00C04F79EFBC}") = "LightQQBot", "LightQQBot\LightQQBot.csproj", "{15F5E749-3CA8-4223-979D-1A0A12F25891}"
	ProjectSection(ProjectDependencies) = postProject
		{4E698E1A-439D-4007-BDED-43EC45D47555} = {4E698E1A-439D-4007-BDED-43EC45D47555}
		{744B5E1C-7A37-4828-982A-E32D5D932CC9} = {744B5E1C-7A37-4828-982A-E32D5D932CC9}
		{49852F5C-611A-445D-8FCD-4E0078C03167} = {49852F5C-611A-445D-8FCD-4E0078C03167}
	EndProjectSection
EndProject
Project("{FAE04EC0-301F-11D3-BF4B-00C04F79EFBC}") = "LibAsyncUDP", "LibAsyncUDP\LibAsyncUDP.csproj", "{4E698E1A-439D-4007-BDED-43EC45D47555}"
EndProject
Project("{FAE04EC0-301F-11D3-BF4B-00C04F79EFBC}") = "LibLogger", "LibLogger\LibLogger.csproj", "{744B5E1C-7A37-4828-982A-E32D5D932CC9}"
EndProject
Project("{FAE04EC0-301F-11D3-BF4B-00C04F79EFBC}") = "LibQQDecoder", "LibQQDecoder\LibQQDecoder.csproj", "{49852F5C-611A-445D-8FCD-4E0078C03167}"
	ProjectSection(ProjectDependencies) = postProject
		{4E698E1A-439D-4007-BDED-43EC45D47555} = {4E698E1A-439D-4007-BDED-43EC45D47555}
	EndProjectSection
EndProject
Global
	GlobalSection(SolutionConfigurationPlatforms) = preSolution
		Debug|Any CPU = Debug|Any CPU
		Release|Any CPU = Release|Any CPU
	EndGlobalSection
	GlobalSection(ProjectConfigurationPlatforms) = postSolution
		{15F5E749-3CA8-4223-979D-1A0A12F25891}.Debug|Any CPU.ActiveCfg = Debug|Any CPU
		{15F5E749-3CA8-4223-979D-1A0A12F25891}.Debug|Any CPU.Build.0 = Debug|Any CPU
		{15F5E749-3CA8-4223-979D-1A0A12F25891}.Release|Any CPU.ActiveCfg = Release|Any CPU
		{15F5E749-3CA8-4223-979D-1A0A12F25891}.Release|Any CPU.Build.0 = Release|Any CPU
		{4E698E1A-439D-4007-BDED-43EC45D47555}.Debug|Any CPU.ActiveCfg = Debug|Any CPU
		{4E698E1A-439D-4007-BDED-43EC45D47555}.Debug|Any CPU.Build.0 = Debug|Any CPU
		{4E698E1A-439D-4007-BDED-43EC45D47555}.Release|Any CPU.ActiveCfg = Release|Any CPU
		{4E698E1A-439D-4007-BDED-43EC45D47555}.Release|Any CPU.Build.0 = Release|Any CPU
		{744B5E1C-7A37-4828-982A-E32D5D932CC9}.Debug|Any CPU.ActiveCfg = Debug|Any CPU
		{744B5E1C-7A37-4828-982A-E32D5D932CC9}.Debug|Any CPU.Build.0 = Debug|Any CPU
		{744B5E1C-7A37-4828-982A-E32D5D932CC9}.Release|Any CPU.ActiveCfg = Release|Any CPU
		{744B5E1C-7A37-4828-982A-E32D5D932CC9}.Release|Any CPU.Build.0 = Release|Any CPU
		{49852F5C-611A-445D-8FCD-4E0078C03167}.Debug|Any CPU.ActiveCfg = Debug|Any CPU
		{49852F5C-611A-445D-8FCD-4E0078C03167}.Debug|Any CPU.Build.0 = Debug|Any CPU
		{49852F5C-611A-445D-8FCD-4E0078C03167}.Release|Any CPU.ActiveCfg = Release|Any CPU
		{49852F5C-611A-445D-8FCD-4E0078C03167}.Release|Any CPU.Build.0 = Release|Any CPU
	EndGlobalSection
	GlobalSection(SolutionProperties) = preSolution
		HideSolutionNode = FALSE
	EndGlobalSection
	GlobalSection(ExtensibilityGlobals) = postSolution
		SolutionGuid = {D9ECB401-542A-4737-BD37-1DAEAE65DBC3}
	EndGlobalSection
EndGlobal
