
Microsoft Visual Studio Solution File, Format Version 12.00
# Visual Studio 15
VisualStudioVersion = 15.0.27428.2037
MinimumVisualStudioVersion = 10.0.40219.1
Project("{9A19103F-16F7-4668-BE54-9A1E7A4F7556}") = "ChatBotFramework", "ChatBotFramework\ChatBotFramework.csproj", "{B1F31982-A2EC-417F-BAAD-8B26306A4BE8}"
EndProject
Project("{9A19103F-16F7-4668-BE54-9A1E7A4F7556}") = "QQBot", "QQBot\QQBot.csproj", "{D4C4A92C-D8F8-4EC3-AA1E-2067BA780476}"
EndProject
Project("{9A19103F-16F7-4668-BE54-9A1E7A4F7556}") = "WebControl", "WebControl\WebControl.csproj", "{355E9798-9BB3-4977-B037-F02CC334EBB5}"
EndProject
Global
	GlobalSection(SolutionConfigurationPlatforms) = preSolution
		Debug With AOP|Any CPU = Debug With AOP|Any CPU
		Debug With AOP|x64 = Debug With AOP|x64
		Debug With AOP|x86 = Debug With AOP|x86
		Debug|Any CPU = Debug|Any CPU
		Debug|x64 = Debug|x64
		Debug|x86 = Debug|x86
		Release|Any CPU = Release|Any CPU
		Release|x64 = Release|x64
		Release|x86 = Release|x86
	EndGlobalSection
	GlobalSection(ProjectConfigurationPlatforms) = postSolution
		{B1F31982-A2EC-417F-BAAD-8B26306A4BE8}.Debug With AOP|Any CPU.ActiveCfg = Debug|Any CPU
		{B1F31982-A2EC-417F-BAAD-8B26306A4BE8}.Debug With AOP|Any CPU.Build.0 = Debug|Any CPU
		{B1F31982-A2EC-417F-BAAD-8B26306A4BE8}.Debug With AOP|x64.ActiveCfg = Debug|Any CPU
		{B1F31982-A2EC-417F-BAAD-8B26306A4BE8}.Debug With AOP|x64.Build.0 = Debug|Any CPU
		{B1F31982-A2EC-417F-BAAD-8B26306A4BE8}.Debug With AOP|x86.ActiveCfg = Debug|Any CPU
		{B1F31982-A2EC-417F-BAAD-8B26306A4BE8}.Debug With AOP|x86.Build.0 = Debug|Any CPU
		{B1F31982-A2EC-417F-BAAD-8B26306A4BE8}.Debug|Any CPU.ActiveCfg = Debug|Any CPU
		{B1F31982-A2EC-417F-BAAD-8B26306A4BE8}.Debug|Any CPU.Build.0 = Debug|Any CPU
		{B1F31982-A2EC-417F-BAAD-8B26306A4BE8}.Debug|x64.ActiveCfg = Debug|Any CPU
		{B1F31982-A2EC-417F-BAAD-8B26306A4BE8}.Debug|x64.Build.0 = Debug|Any CPU
		{B1F31982-A2EC-417F-BAAD-8B26306A4BE8}.Debug|x86.ActiveCfg = Debug|Any CPU
		{B1F31982-A2EC-417F-BAAD-8B26306A4BE8}.Debug|x86.Build.0 = Debug|Any CPU
		{B1F31982-A2EC-417F-BAAD-8B26306A4BE8}.Release|Any CPU.ActiveCfg = Release|Any CPU
		{B1F31982-A2EC-417F-BAAD-8B26306A4BE8}.Release|Any CPU.Build.0 = Release|Any CPU
		{B1F31982-A2EC-417F-BAAD-8B26306A4BE8}.Release|x64.ActiveCfg = Release|Any CPU
		{B1F31982-A2EC-417F-BAAD-8B26306A4BE8}.Release|x64.Build.0 = Release|Any CPU
		{B1F31982-A2EC-417F-BAAD-8B26306A4BE8}.Release|x86.ActiveCfg = Release|Any CPU
		{B1F31982-A2EC-417F-BAAD-8B26306A4BE8}.Release|x86.Build.0 = Release|Any CPU
		{D4C4A92C-D8F8-4EC3-AA1E-2067BA780476}.Debug With AOP|Any CPU.ActiveCfg = Debug|Any CPU
		{D4C4A92C-D8F8-4EC3-AA1E-2067BA780476}.Debug With AOP|Any CPU.Build.0 = Debug|Any CPU
		{D4C4A92C-D8F8-4EC3-AA1E-2067BA780476}.Debug With AOP|x64.ActiveCfg = Debug|Any CPU
		{D4C4A92C-D8F8-4EC3-AA1E-2067BA780476}.Debug With AOP|x64.Build.0 = Debug|Any CPU
		{D4C4A92C-D8F8-4EC3-AA1E-2067BA780476}.Debug With AOP|x86.ActiveCfg = Debug|Any CPU
		{D4C4A92C-D8F8-4EC3-AA1E-2067BA780476}.Debug With AOP|x86.Build.0 = Debug|Any CPU
		{D4C4A92C-D8F8-4EC3-AA1E-2067BA780476}.Debug|Any CPU.ActiveCfg = Debug|Any CPU
		{D4C4A92C-D8F8-4EC3-AA1E-2067BA780476}.Debug|Any CPU.Build.0 = Debug|Any CPU
		{D4C4A92C-D8F8-4EC3-AA1E-2067BA780476}.Debug|x64.ActiveCfg = Debug|Any CPU
		{D4C4A92C-D8F8-4EC3-AA1E-2067BA780476}.Debug|x64.Build.0 = Debug|Any CPU
		{D4C4A92C-D8F8-4EC3-AA1E-2067BA780476}.Debug|x86.ActiveCfg = Debug|Any CPU
		{D4C4A92C-D8F8-4EC3-AA1E-2067BA780476}.Debug|x86.Build.0 = Debug|Any CPU
		{D4C4A92C-D8F8-4EC3-AA1E-2067BA780476}.Release|Any CPU.ActiveCfg = Release|Any CPU
		{D4C4A92C-D8F8-4EC3-AA1E-2067BA780476}.Release|Any CPU.Build.0 = Release|Any CPU
		{D4C4A92C-D8F8-4EC3-AA1E-2067BA780476}.Release|x64.ActiveCfg = Release|Any CPU
		{D4C4A92C-D8F8-4EC3-AA1E-2067BA780476}.Release|x64.Build.0 = Release|Any CPU
		{D4C4A92C-D8F8-4EC3-AA1E-2067BA780476}.Release|x86.ActiveCfg = Release|Any CPU
		{D4C4A92C-D8F8-4EC3-AA1E-2067BA780476}.Release|x86.Build.0 = Release|Any CPU
		{355E9798-9BB3-4977-B037-F02CC334EBB5}.Debug With AOP|Any CPU.ActiveCfg = Debug|Any CPU
		{355E9798-9BB3-4977-B037-F02CC334EBB5}.Debug With AOP|Any CPU.Build.0 = Debug|Any CPU
		{355E9798-9BB3-4977-B037-F02CC334EBB5}.Debug With AOP|x64.ActiveCfg = Debug|Any CPU
		{355E9798-9BB3-4977-B037-F02CC334EBB5}.Debug With AOP|x64.Build.0 = Debug|Any CPU
		{355E9798-9BB3-4977-B037-F02CC334EBB5}.Debug With AOP|x86.ActiveCfg = Debug|Any CPU
		{355E9798-9BB3-4977-B037-F02CC334EBB5}.Debug With AOP|x86.Build.0 = Debug|Any CPU
		{355E9798-9BB3-4977-B037-F02CC334EBB5}.Debug|Any CPU.ActiveCfg = Debug|Any CPU
		{355E9798-9BB3-4977-B037-F02CC334EBB5}.Debug|Any CPU.Build.0 = Debug|Any CPU
		{355E9798-9BB3-4977-B037-F02CC334EBB5}.Debug|x64.ActiveCfg = Debug|Any CPU
		{355E9798-9BB3-4977-B037-F02CC334EBB5}.Debug|x64.Build.0 = Debug|Any CPU
		{355E9798-9BB3-4977-B037-F02CC334EBB5}.Debug|x86.ActiveCfg = Debug|Any CPU
		{355E9798-9BB3-4977-B037-F02CC334EBB5}.Debug|x86.Build.0 = Debug|Any CPU
		{355E9798-9BB3-4977-B037-F02CC334EBB5}.Release|Any CPU.ActiveCfg = Release|Any CPU
		{355E9798-9BB3-4977-B037-F02CC334EBB5}.Release|Any CPU.Build.0 = Release|Any CPU
		{355E9798-9BB3-4977-B037-F02CC334EBB5}.Release|x64.ActiveCfg = Release|Any CPU
		{355E9798-9BB3-4977-B037-F02CC334EBB5}.Release|x64.Build.0 = Release|Any CPU
		{355E9798-9BB3-4977-B037-F02CC334EBB5}.Release|x86.ActiveCfg = Release|Any CPU
		{355E9798-9BB3-4977-B037-F02CC334EBB5}.Release|x86.Build.0 = Release|Any CPU
	EndGlobalSection
	GlobalSection(SolutionProperties) = preSolution
		HideSolutionNode = FALSE
	EndGlobalSection
	GlobalSection(ExtensibilityGlobals) = postSolution
		SolutionGuid = {9BDCD9C4-6EB7-479C-8A40-874214E13069}
	EndGlobalSection
EndGlobal
