
Microsoft Visual Studio Solution File, Format Version 12.00
# Visual Studio 15
VisualStudioVersion = 15.0.27428.2027
MinimumVisualStudioVersion = 10.0.40219.1
Project("{9A19103F-16F7-4668-BE54-9A1E7A4F7556}") = "QQBot", "QQBot\QQBot.csproj", "{C008764F-56D8-407E-A893-6E8C9FF928BA}"
EndProject
Project("{9A19103F-16F7-4668-BE54-9A1E7A4F7556}") = "QQBotCorePlugin", "QQBotCorePlugin\QQBotCorePlugin.csproj", "{EC9E4843-D203-4F12-8753-F68B1F255004}"
EndProject
Global
	GlobalSection(SolutionConfigurationPlatforms) = preSolution
		Debug|Any CPU = Debug|Any CPU
		Release|Any CPU = Release|Any CPU
	EndGlobalSection
	GlobalSection(ProjectConfigurationPlatforms) = postSolution
		{C008764F-56D8-407E-A893-6E8C9FF928BA}.Debug|Any CPU.ActiveCfg = Debug|Any CPU
		{C008764F-56D8-407E-A893-6E8C9FF928BA}.Debug|Any CPU.Build.0 = Debug|Any CPU
		{C008764F-56D8-407E-A893-6E8C9FF928BA}.Release|Any CPU.ActiveCfg = Release|Any CPU
		{C008764F-56D8-407E-A893-6E8C9FF928BA}.Release|Any CPU.Build.0 = Release|Any CPU
		{EC9E4843-D203-4F12-8753-F68B1F255004}.Debug|Any CPU.ActiveCfg = Debug|Any CPU
		{EC9E4843-D203-4F12-8753-F68B1F255004}.Debug|Any CPU.Build.0 = Debug|Any CPU
		{EC9E4843-D203-4F12-8753-F68B1F255004}.Release|Any CPU.ActiveCfg = Release|Any CPU
		{EC9E4843-D203-4F12-8753-F68B1F255004}.Release|Any CPU.Build.0 = Release|Any CPU
	EndGlobalSection
	GlobalSection(SolutionProperties) = preSolution
		HideSolutionNode = FALSE
	EndGlobalSection
	GlobalSection(ExtensibilityGlobals) = postSolution
		SolutionGuid = {082EA9EC-029A-4DE0-8459-FC931968182E}
	EndGlobalSection
EndGlobal
